// !$*UTF8*$!
{
	archiveVersion = 1;
	classes = {
	};
	objectVersion = 56;
	objects = {

/* Begin PBXBuildFile section */
		74C4565D29C1B551005CF3EC /* AppDelegate.swift in Sources */ = {isa = PBXBuildFile; fileRef = 74C4565C29C1B551005CF3EC /* AppDelegate.swift */; };
		74C4565F29C1B551005CF3EC /* SceneDelegate.swift in Sources */ = {isa = PBXBuildFile; fileRef = 74C4565E29C1B551005CF3EC /* SceneDelegate.swift */; };
		74C4566129C1B551005CF3EC /* ViewController.swift in Sources */ = {isa = PBXBuildFile; fileRef = 74C4566029C1B551005CF3EC /* ViewController.swift */; };
		74C4566429C1B551005CF3EC /* Main.storyboard in Resources */ = {isa = PBXBuildFile; fileRef = 74C4566229C1B551005CF3EC /* Main.storyboard */; };
		74C4566629C1B551005CF3EC /* Assets.xcassets in Resources */ = {isa = PBXBuildFile; fileRef = 74C4566529C1B551005CF3EC /* Assets.xcassets */; };
		74C4566929C1B551005CF3EC /* LaunchScreen.storyboard in Resources */ = {isa = PBXBuildFile; fileRef = 74C4566729C1B551005CF3EC /* LaunchScreen.storyboard */; };
		74C4567429C1B552005CF3EC /* Registration_Screen_UITests.swift in Sources */ = {isa = PBXBuildFile; fileRef = 74C4567329C1B552005CF3EC /* Registration_Screen_UITests.swift */; };
		74C4567E29C1B552005CF3EC /* Registration_Screen_UIUITests.swift in Sources */ = {isa = PBXBuildFile; fileRef = 74C4567D29C1B552005CF3EC /* Registration_Screen_UIUITests.swift */; };
		74C4568029C1B552005CF3EC /* Registration_Screen_UIUITestsLaunchTests.swift in Sources */ = {isa = PBXBuildFile; fileRef = 74C4567F29C1B552005CF3EC /* Registration_Screen_UIUITestsLaunchTests.swift */; };
		74C4568D29C1BB09005CF3EC /* CustomTextField.swift in Sources */ = {isa = PBXBuildFile; fileRef = 74C4568C29C1BB09005CF3EC /* CustomTextField.swift */; };
		74C4568F29C1BEE0005CF3EC /* SignUpButton.swift in Sources */ = {isa = PBXBuildFile; fileRef = 74C4568E29C1BEE0005CF3EC /* SignUpButton.swift */; };
/* End PBXBuildFile section */

/* Begin PBXContainerItemProxy section */
		74C4567029C1B552005CF3EC /* PBXContainerItemProxy */ = {
			isa = PBXContainerItemProxy;
			containerPortal = 74C4565129C1B551005CF3EC /* Project object */;
			proxyType = 1;
			remoteGlobalIDString = 74C4565829C1B551005CF3EC;
			remoteInfo = "Registration-Screen-UI";
		};
		74C4567A29C1B552005CF3EC /* PBXContainerItemProxy */ = {
			isa = PBXContainerItemProxy;
			containerPortal = 74C4565129C1B551005CF3EC /* Project object */;
			proxyType = 1;
			remoteGlobalIDString = 74C4565829C1B551005CF3EC;
			remoteInfo = "Registration-Screen-UI";
		};
/* End PBXContainerItemProxy section */

/* Begin PBXFileReference section */
		74C4565929C1B551005CF3EC /* Registration-Screen-UI.app */ = {isa = PBXFileReference; explicitFileType = wrapper.application; includeInIndex = 0; path = "Registration-Screen-UI.app"; sourceTree = BUILT_PRODUCTS_DIR; };
		74C4565C29C1B551005CF3EC /* AppDelegate.swift */ = {isa = PBXFileReference; lastKnownFileType = sourcecode.swift; path = AppDelegate.swift; sourceTree = "<group>"; };
		74C4565E29C1B551005CF3EC /* SceneDelegate.swift */ = {isa = PBXFileReference; lastKnownFileType = sourcecode.swift; path = SceneDelegate.swift; sourceTree = "<group>"; };
		74C4566029C1B551005CF3EC /* ViewController.swift */ = {isa = PBXFileReference; lastKnownFileType = sourcecode.swift; path = ViewController.swift; sourceTree = "<group>"; };
		74C4566329C1B551005CF3EC /* Base */ = {isa = PBXFileReference; lastKnownFileType = file.storyboard; name = Base; path = Base.lproj/Main.storyboard; sourceTree = "<group>"; };
		74C4566529C1B551005CF3EC /* Assets.xcassets */ = {isa = PBXFileReference; lastKnownFileType = folder.assetcatalog; path = Assets.xcassets; sourceTree = "<group>"; };
		74C4566829C1B551005CF3EC /* Base */ = {isa = PBXFileReference; lastKnownFileType = file.storyboard; name = Base; path = Base.lproj/LaunchScreen.storyboard; sourceTree = "<group>"; };
		74C4566A29C1B551005CF3EC /* Info.plist */ = {isa = PBXFileReference; lastKnownFileType = text.plist.xml; path = Info.plist; sourceTree = "<group>"; };
		74C4566F29C1B552005CF3EC /* Registration-Screen-UITests.xctest */ = {isa = PBXFileReference; explicitFileType = wrapper.cfbundle; includeInIndex = 0; path = "Registration-Screen-UITests.xctest"; sourceTree = BUILT_PRODUCTS_DIR; };
		74C4567329C1B552005CF3EC /* Registration_Screen_UITests.swift */ = {isa = PBXFileReference; lastKnownFileType = sourcecode.swift; path = Registration_Screen_UITests.swift; sourceTree = "<group>"; };
		74C4567929C1B552005CF3EC /* Registration-Screen-UIUITests.xctest */ = {isa = PBXFileReference; explicitFileType = wrapper.cfbundle; includeInIndex = 0; path = "Registration-Screen-UIUITests.xctest"; sourceTree = BUILT_PRODUCTS_DIR; };
		74C4567D29C1B552005CF3EC /* Registration_Screen_UIUITests.swift */ = {isa = PBXFileReference; lastKnownFileType = sourcecode.swift; path = Registration_Screen_UIUITests.swift; sourceTree = "<group>"; };
		74C4567F29C1B552005CF3EC /* Registration_Screen_UIUITestsLaunchTests.swift */ = {isa = PBXFileReference; lastKnownFileType = sourcecode.swift; path = Registration_Screen_UIUITestsLaunchTests.swift; sourceTree = "<group>"; };
		74C4568C29C1BB09005CF3EC /* CustomTextField.swift */ = {isa = PBXFileReference; lastKnownFileType = sourcecode.swift; path = CustomTextField.swift; sourceTree = "<group>"; };
		74C4568E29C1BEE0005CF3EC /* SignUpButton.swift */ = {isa = PBXFileReference; lastKnownFileType = sourcecode.swift; path = SignUpButton.swift; sourceTree = "<group>"; };
/* End PBXFileReference section */

/* Begin PBXFrameworksBuildPhase section */
		74C4565629C1B551005CF3EC /* Frameworks */ = {
			isa = PBXFrameworksBuildPhase;
			buildActionMask = 2147483647;
			files = (
			);
			runOnlyForDeploymentPostprocessing = 0;
		};
		74C4566C29C1B552005CF3EC /* Frameworks */ = {
			isa = PBXFrameworksBuildPhase;
			buildActionMask = 2147483647;
			files = (
			);
			runOnlyForDeploymentPostprocessing = 0;
		};
		74C4567629C1B552005CF3EC /* Frameworks */ = {
			isa = PBXFrameworksBuildPhase;
			buildActionMask = 2147483647;
			files = (
			);
			runOnlyForDeploymentPostprocessing = 0;
		};
/* End PBXFrameworksBuildPhase section */

/* Begin PBXGroup section */
		74C4565029C1B551005CF3EC = {
			isa = PBXGroup;
			children = (
				74C4565B29C1B551005CF3EC /* Registration-Screen-UI */,
				74C4567229C1B552005CF3EC /* Registration-Screen-UITests */,
				74C4567C29C1B552005CF3EC /* Registration-Screen-UIUITests */,
				74C4565A29C1B551005CF3EC /* Products */,
			);
			sourceTree = "<group>";
		};
		74C4565A29C1B551005CF3EC /* Products */ = {
			isa = PBXGroup;
			children = (
				74C4565929C1B551005CF3EC /* Registration-Screen-UI.app */,
				74C4566F29C1B552005CF3EC /* Registration-Screen-UITests.xctest */,
				74C4567929C1B552005CF3EC /* Registration-Screen-UIUITests.xctest */,
			);
			name = Products;
			sourceTree = "<group>";
		};
		74C4565B29C1B551005CF3EC /* Registration-Screen-UI */ = {
			isa = PBXGroup;
			children = (
				74C4565C29C1B551005CF3EC /* AppDelegate.swift */,
				74C4565E29C1B551005CF3EC /* SceneDelegate.swift */,
				74C4566029C1B551005CF3EC /* ViewController.swift */,
				74C4566229C1B551005CF3EC /* Main.storyboard */,
				74C4568E29C1BEE0005CF3EC /* SignUpButton.swift */,
				74C4568C29C1BB09005CF3EC /* CustomTextField.swift */,
				74C4566529C1B551005CF3EC /* Assets.xcassets */,
				74C4566729C1B551005CF3EC /* LaunchScreen.storyboard */,
				74C4566A29C1B551005CF3EC /* Info.plist */,
			);
			path = "Registration-Screen-UI";
			sourceTree = "<group>";
		};
		74C4567229C1B552005CF3EC /* Registration-Screen-UITests */ = {
			isa = PBXGroup;
			children = (
				74C4567329C1B552005CF3EC /* Registration_Screen_UITests.swift */,
			);
			path = "Registration-Screen-UITests";
			sourceTree = "<group>";
		};
		74C4567C29C1B552005CF3EC /* Registration-Screen-UIUITests */ = {
			isa = PBXGroup;
			children = (
				74C4567D29C1B552005CF3EC /* Registration_Screen_UIUITests.swift */,
				74C4567F29C1B552005CF3EC /* Registration_Screen_UIUITestsLaunchTests.swift */,
			);
			path = "Registration-Screen-UIUITests";
			sourceTree = "<group>";
		};
/* End PBXGroup section */

/* Begin PBXNativeTarget section */
		74C4565829C1B551005CF3EC /* Registration-Screen-UI */ = {
			isa = PBXNativeTarget;
			buildConfigurationList = 74C4568329C1B552005CF3EC /* Build configuration list for PBXNativeTarget "Registration-Screen-UI" */;
			buildPhases = (
				74C4565529C1B551005CF3EC /* Sources */,
				74C4565629C1B551005CF3EC /* Frameworks */,
				74C4565729C1B551005CF3EC /* Resources */,
			);
			buildRules = (
			);
			dependencies = (
			);
			name = "Registration-Screen-UI";
			productName = "Registration-Screen-UI";
			productReference = 74C4565929C1B551005CF3EC /* Registration-Screen-UI.app */;
			productType = "com.apple.product-type.application";
		};
		74C4566E29C1B552005CF3EC /* Registration-Screen-UITests */ = {
			isa = PBXNativeTarget;
			buildConfigurationList = 74C4568629C1B552005CF3EC /* Build configuration list for PBXNativeTarget "Registration-Screen-UITests" */;
			buildPhases = (
				74C4566B29C1B552005CF3EC /* Sources */,
				74C4566C29C1B552005CF3EC /* Frameworks */,
				74C4566D29C1B552005CF3EC /* Resources */,
			);
			buildRules = (
			);
			dependencies = (
				74C4567129C1B552005CF3EC /* PBXTargetDependency */,
			);
			name = "Registration-Screen-UITests";
			productName = "Registration-Screen-UITests";
			productReference = 74C4566F29C1B552005CF3EC /* Registration-Screen-UITests.xctest */;
			productType = "com.apple.product-type.bundle.unit-test";
		};
		74C4567829C1B552005CF3EC /* Registration-Screen-UIUITests */ = {
			isa = PBXNativeTarget;
			buildConfigurationList = 74C4568929C1B552005CF3EC /* Build configuration list for PBXNativeTarget "Registration-Screen-UIUITests" */;
			buildPhases = (
				74C4567529C1B552005CF3EC /* Sources */,
				74C4567629C1B552005CF3EC /* Frameworks */,
				74C4567729C1B552005CF3EC /* Resources */,
			);
			buildRules = (
			);
			dependencies = (
				74C4567B29C1B552005CF3EC /* PBXTargetDependency */,
			);
			name = "Registration-Screen-UIUITests";
			productName = "Registration-Screen-UIUITests";
			productReference = 74C4567929C1B552005CF3EC /* Registration-Screen-UIUITests.xctest */;
			productType = "com.apple.product-type.bundle.ui-testing";
		};
/* End PBXNativeTarget section */

/* Begin PBXProject section */
		74C4565129C1B551005CF3EC /* Project object */ = {
			isa = PBXProject;
			attributes = {
				BuildIndependentTargetsInParallel = 1;
				LastSwiftUpdateCheck = 1420;
				LastUpgradeCheck = 1420;
				TargetAttributes = {
					74C4565829C1B551005CF3EC = {
						CreatedOnToolsVersion = 14.2;
					};
					74C4566E29C1B552005CF3EC = {
						CreatedOnToolsVersion = 14.2;
						TestTargetID = 74C4565829C1B551005CF3EC;
					};
					74C4567829C1B552005CF3EC = {
						CreatedOnToolsVersion = 14.2;
						TestTargetID = 74C4565829C1B551005CF3EC;
					};
				};
			};
			buildConfigurationList = 74C4565429C1B551005CF3EC /* Build configuration list for PBXProject "Registration-Screen-UI" */;
			compatibilityVersion = "Xcode 14.0";
			developmentRegion = en;
			hasScannedForEncodings = 0;
			knownRegions = (
				en,
				Base,
			);
			mainGroup = 74C4565029C1B551005CF3EC;
			productRefGroup = 74C4565A29C1B551005CF3EC /* Products */;
			projectDirPath = "";
			projectRoot = "";
			targets = (
				74C4565829C1B551005CF3EC /* Registration-Screen-UI */,
				74C4566E29C1B552005CF3EC /* Registration-Screen-UITests */,
				74C4567829C1B552005CF3EC /* Registration-Screen-UIUITests */,
			);
		};
/* End PBXProject section */

/* Begin PBXResourcesBuildPhase section */
		74C4565729C1B551005CF3EC /* Resources */ = {
			isa = PBXResourcesBuildPhase;
			buildActionMask = 2147483647;
			files = (
				74C4566929C1B551005CF3EC /* LaunchScreen.storyboard in Resources */,
				74C4566629C1B551005CF3EC /* Assets.xcassets in Resources */,
				74C4566429C1B551005CF3EC /* Main.storyboard in Resources */,
			);
			runOnlyForDeploymentPostprocessing = 0;
		};
		74C4566D29C1B552005CF3EC /* Resources */ = {
			isa = PBXResourcesBuildPhase;
			buildActionMask = 2147483647;
			files = (
			);
			runOnlyForDeploymentPostprocessing = 0;
		};
		74C4567729C1B552005CF3EC /* Resources */ = {
			isa = PBXResourcesBuildPhase;
			buildActionMask = 2147483647;
			files = (
			);
			runOnlyForDeploymentPostprocessing = 0;
		};
/* End PBXResourcesBuildPhase section */

/* Begin PBXSourcesBuildPhase section */
		74C4565529C1B551005CF3EC /* Sources */ = {
			isa = PBXSourcesBuildPhase;
			buildActionMask = 2147483647;
			files = (
				74C4568D29C1BB09005CF3EC /* CustomTextField.swift in Sources */,
				74C4566129C1B551005CF3EC /* ViewController.swift in Sources */,
				74C4565D29C1B551005CF3EC /* AppDelegate.swift in Sources */,
				74C4565F29C1B551005CF3EC /* SceneDelegate.swift in Sources */,
				74C4568F29C1BEE0005CF3EC /* SignUpButton.swift in Sources */,
			);
			runOnlyForDeploymentPostprocessing = 0;
		};
		74C4566B29C1B552005CF3EC /* Sources */ = {
			isa = PBXSourcesBuildPhase;
			buildActionMask = 2147483647;
			files = (
				74C4567429C1B552005CF3EC /* Registration_Screen_UITests.swift in Sources */,
			);
			runOnlyForDeploymentPostprocessing = 0;
		};
		74C4567529C1B552005CF3EC /* Sources */ = {
			isa = PBXSourcesBuildPhase;
			buildActionMask = 2147483647;
			files = (
				74C4567E29C1B552005CF3EC /* Registration_Screen_UIUITests.swift in Sources */,
				74C4568029C1B552005CF3EC /* Registration_Screen_UIUITestsLaunchTests.swift in Sources */,
			);
			runOnlyForDeploymentPostprocessing = 0;
		};
/* End PBXSourcesBuildPhase section */

/* Begin PBXTargetDependency section */
		74C4567129C1B552005CF3EC /* PBXTargetDependency */ = {
			isa = PBXTargetDependency;
			target = 74C4565829C1B551005CF3EC /* Registration-Screen-UI */;
			targetProxy = 74C4567029C1B552005CF3EC /* PBXContainerItemProxy */;
		};
		74C4567B29C1B552005CF3EC /* PBXTargetDependency */ = {
			isa = PBXTargetDependency;
			target = 74C4565829C1B551005CF3EC /* Registration-Screen-UI */;
			targetProxy = 74C4567A29C1B552005CF3EC /* PBXContainerItemProxy */;
		};
/* End PBXTargetDependency section */

/* Begin PBXVariantGroup section */
		74C4566229C1B551005CF3EC /* Main.storyboard */ = {
			isa = PBXVariantGroup;
			children = (
				74C4566329C1B551005CF3EC /* Base */,
			);
			name = Main.storyboard;
			sourceTree = "<group>";
		};
		74C4566729C1B551005CF3EC /* LaunchScreen.storyboard */ = {
			isa = PBXVariantGroup;
			children = (
				74C4566829C1B551005CF3EC /* Base */,
			);
			name = LaunchScreen.storyboard;
			sourceTree = "<group>";
		};
/* End PBXVariantGroup section */

/* Begin XCBuildConfiguration section */
		74C4568129C1B552005CF3EC /* Debug */ = {
			isa = XCBuildConfiguration;
			buildSettings = {
				ALWAYS_SEARCH_USER_PATHS = NO;
				CLANG_ANALYZER_NONNULL = YES;
				CLANG_ANALYZER_NUMBER_OBJECT_CONVERSION = YES_AGGRESSIVE;
				CLANG_CXX_LANGUAGE_STANDARD = "gnu++20";
				CLANG_ENABLE_MODULES = YES;
				CLANG_ENABLE_OBJC_ARC = YES;
				CLANG_ENABLE_OBJC_WEAK = YES;
				CLANG_WARN_BLOCK_CAPTURE_AUTORELEASING = YES;
				CLANG_WARN_BOOL_CONVERSION = YES;
				CLANG_WARN_COMMA = YES;
				CLANG_WARN_CONSTANT_CONVERSION = YES;
				CLANG_WARN_DEPRECATED_OBJC_IMPLEMENTATIONS = YES;
				CLANG_WARN_DIRECT_OBJC_ISA_USAGE = YES_ERROR;
				CLANG_WARN_DOCUMENTATION_COMMENTS = YES;
				CLANG_WARN_EMPTY_BODY = YES;
				CLANG_WARN_ENUM_CONVERSION = YES;
				CLANG_WARN_INFINITE_RECURSION = YES;
				CLANG_WARN_INT_CONVERSION = YES;
				CLANG_WARN_NON_LITERAL_NULL_CONVERSION = YES;
				CLANG_WARN_OBJC_IMPLICIT_RETAIN_SELF = YES;
				CLANG_WARN_OBJC_LITERAL_CONVERSION = YES;
				CLANG_WARN_OBJC_ROOT_CLASS = YES_ERROR;
				CLANG_WARN_QUOTED_INCLUDE_IN_FRAMEWORK_HEADER = YES;
				CLANG_WARN_RANGE_LOOP_ANALYSIS = YES;
				CLANG_WARN_STRICT_PROTOTYPES = YES;
				CLANG_WARN_SUSPICIOUS_MOVE = YES;
				CLANG_WARN_UNGUARDED_AVAILABILITY = YES_AGGRESSIVE;
				CLANG_WARN_UNREACHABLE_CODE = YES;
				CLANG_WARN__DUPLICATE_METHOD_MATCH = YES;
				COPY_PHASE_STRIP = NO;
				DEBUG_INFORMATION_FORMAT = dwarf;
				ENABLE_STRICT_OBJC_MSGSEND = YES;
				ENABLE_TESTABILITY = YES;
				GCC_C_LANGUAGE_STANDARD = gnu11;
				GCC_DYNAMIC_NO_PIC = NO;
				GCC_NO_COMMON_BLOCKS = YES;
				GCC_OPTIMIZATION_LEVEL = 0;
				GCC_PREPROCESSOR_DEFINITIONS = (
					"DEBUG=1",
					"$(inherited)",
				);
				GCC_WARN_64_TO_32_BIT_CONVERSION = YES;
				GCC_WARN_ABOUT_RETURN_TYPE = YES_ERROR;
				GCC_WARN_UNDECLARED_SELECTOR = YES;
				GCC_WARN_UNINITIALIZED_AUTOS = YES_AGGRESSIVE;
				GCC_WARN_UNUSED_FUNCTION = YES;
				GCC_WARN_UNUSED_VARIABLE = YES;
				IPHONEOS_DEPLOYMENT_TARGET = 16.2;
				MTL_ENABLE_DEBUG_INFO = INCLUDE_SOURCE;
				MTL_FAST_MATH = YES;
				ONLY_ACTIVE_ARCH = YES;
				SDKROOT = iphoneos;
				SWIFT_ACTIVE_COMPILATION_CONDITIONS = DEBUG;
				SWIFT_OPTIMIZATION_LEVEL = "-Onone";
			};
			name = Debug;
		};
		74C4568229C1B552005CF3EC /* Release */ = {
			isa = XCBuildConfiguration;
			buildSettings = {
				ALWAYS_SEARCH_USER_PATHS = NO;
				CLANG_ANALYZER_NONNULL = YES;
				CLANG_ANALYZER_NUMBER_OBJECT_CONVERSION = YES_AGGRESSIVE;
				CLANG_CXX_LANGUAGE_STANDARD = "gnu++20";
				CLANG_ENABLE_MODULES = YES;
				CLANG_ENABLE_OBJC_ARC = YES;
				CLANG_ENABLE_OBJC_WEAK = YES;
				CLANG_WARN_BLOCK_CAPTURE_AUTORELEASING = YES;
				CLANG_WARN_BOOL_CONVERSION = YES;
				CLANG_WARN_COMMA = YES;
				CLANG_WARN_CONSTANT_CONVERSION = YES;
				CLANG_WARN_DEPRECATED_OBJC_IMPLEMENTATIONS = YES;
				CLANG_WARN_DIRECT_OBJC_ISA_USAGE = YES_ERROR;
				CLANG_WARN_DOCUMENTATION_COMMENTS = YES;
				CLANG_WARN_EMPTY_BODY = YES;
				CLANG_WARN_ENUM_CONVERSION = YES;
				CLANG_WARN_INFINITE_RECURSION = YES;
				CLANG_WARN_INT_CONVERSION = YES;
				CLANG_WARN_NON_LITERAL_NULL_CONVERSION = YES;
				CLANG_WARN_OBJC_IMPLICIT_RETAIN_SELF = YES;
				CLANG_WARN_OBJC_LITERAL_CONVERSION = YES;
				CLANG_WARN_OBJC_ROOT_CLASS = YES_ERROR;
				CLANG_WARN_QUOTED_INCLUDE_IN_FRAMEWORK_HEADER = YES;
				CLANG_WARN_RANGE_LOOP_ANALYSIS = YES;
				CLANG_WARN_STRICT_PROTOTYPES = YES;
				CLANG_WARN_SUSPICIOUS_MOVE = YES;
				CLANG_WARN_UNGUARDED_AVAILABILITY = YES_AGGRESSIVE;
				CLANG_WARN_UNREACHABLE_CODE = YES;
				CLANG_WARN__DUPLICATE_METHOD_MATCH = YES;
				COPY_PHASE_STRIP = NO;
				DEBUG_INFORMATION_FORMAT = "dwarf-with-dsym";
				ENABLE_NS_ASSERTIONS = NO;
				ENABLE_STRICT_OBJC_MSGSEND = YES;
				GCC_C_LANGUAGE_STANDARD = gnu11;
				GCC_NO_COMMON_BLOCKS = YES;
				GCC_WARN_64_TO_32_BIT_CONVERSION = YES;
				GCC_WARN_ABOUT_RETURN_TYPE = YES_ERROR;
				GCC_WARN_UNDECLARED_SELECTOR = YES;
				GCC_WARN_UNINITIALIZED_AUTOS = YES_AGGRESSIVE;
				GCC_WARN_UNUSED_FUNCTION = YES;
				GCC_WARN_UNUSED_VARIABLE = YES;
				IPHONEOS_DEPLOYMENT_TARGET = 16.2;
				MTL_ENABLE_DEBUG_INFO = NO;
				MTL_FAST_MATH = YES;
				SDKROOT = iphoneos;
				SWIFT_COMPILATION_MODE = wholemodule;
				SWIFT_OPTIMIZATION_LEVEL = "-O";
				VALIDATE_PRODUCT = YES;
			};
			name = Release;
		};
		74C4568429C1B552005CF3EC /* Debug */ = {
			isa = XCBuildConfiguration;
			buildSettings = {
				ASSETCATALOG_COMPILER_APPICON_NAME = AppIcon;
				ASSETCATALOG_COMPILER_GLOBAL_ACCENT_COLOR_NAME = AccentColor;
				CODE_SIGN_STYLE = Automatic;
				CURRENT_PROJECT_VERSION = 1;
				GENERATE_INFOPLIST_FILE = YES;
				INFOPLIST_FILE = "Registration-Screen-UI/Info.plist";
				INFOPLIST_KEY_UIApplicationSupportsIndirectInputEvents = YES;
				INFOPLIST_KEY_UILaunchStoryboardName = LaunchScreen;
				INFOPLIST_KEY_UIMainStoryboardFile = Main;
				INFOPLIST_KEY_UISupportedInterfaceOrientations_iPad = "UIInterfaceOrientationPortrait UIInterfaceOrientationPortraitUpsideDown UIInterfaceOrientationLandscapeLeft UIInterfaceOrientationLandscapeRight";
				INFOPLIST_KEY_UISupportedInterfaceOrientations_iPhone = "UIInterfaceOrientationPortrait UIInterfaceOrientationLandscapeLeft UIInterfaceOrientationLandscapeRight";
				LD_RUNPATH_SEARCH_PATHS = (
					"$(inherited)",
					"@executable_path/Frameworks",
				);
				MARKETING_VERSION = 1.0;
				PRODUCT_BUNDLE_IDENTIFIER = "iamkubic.Registration-Screen-UI";
				PRODUCT_NAME = "$(TARGET_NAME)";
				SWIFT_EMIT_LOC_STRINGS = YES;
				SWIFT_VERSION = 5.0;
				TARGETED_DEVICE_FAMILY = "1,2";
			};
			name = Debug;
		};
		74C4568529C1B552005CF3EC /* Release */ = {
			isa = XCBuildConfiguration;
			buildSettings = {
				ASSETCATALOG_COMPILER_APPICON_NAME = AppIcon;
				ASSETCATALOG_COMPILER_GLOBAL_ACCENT_COLOR_NAME = AccentColor;
				CODE_SIGN_STYLE = Automatic;
				CURRENT_PROJECT_VERSION = 1;
				GENERATE_INFOPLIST_FILE = YES;
				INFOPLIST_FILE = "Registration-Screen-UI/Info.plist";
				INFOPLIST_KEY_UIApplicationSupportsIndirectInputEvents = YES;
				INFOPLIST_KEY_UILaunchStoryboardName = LaunchScreen;
				INFOPLIST_KEY_UIMainStoryboardFile = Main;
				INFOPLIST_KEY_UISupportedInterfaceOrientations_iPad = "UIInterfaceOrientationPortrait UIInterfaceOrientationPortraitUpsideDown UIInterfaceOrientationLandscapeLeft UIInterfaceOrientationLandscapeRight";
				INFOPLIST_KEY_UISupportedInterfaceOrientations_iPhone = "UIInterfaceOrientationPortrait UIInterfaceOrientationLandscapeLeft UIInterfaceOrientationLandscapeRight";
				LD_RUNPATH_SEARCH_PATHS = (
					"$(inherited)",
					"@executable_path/Frameworks",
				);
				MARKETING_VERSION = 1.0;
				PRODUCT_BUNDLE_IDENTIFIER = "iamkubic.Registration-Screen-UI";
				PRODUCT_NAME = "$(TARGET_NAME)";
				SWIFT_EMIT_LOC_STRINGS = YES;
				SWIFT_VERSION = 5.0;
				TARGETED_DEVICE_FAMILY = "1,2";
			};
			name = Release;
		};
		74C4568729C1B552005CF3EC /* Debug */ = {
			isa = XCBuildConfiguration;
			buildSettings = {
				ALWAYS_EMBED_SWIFT_STANDARD_LIBRARIES = YES;
				BUNDLE_LOADER = "$(TEST_HOST)";
				CODE_SIGN_STYLE = Automatic;
				CURRENT_PROJECT_VERSION = 1;
				GENERATE_INFOPLIST_FILE = YES;
				IPHONEOS_DEPLOYMENT_TARGET = 16.2;
				MARKETING_VERSION = 1.0;
				PRODUCT_BUNDLE_IDENTIFIER = "iamkubic.Registration-Screen-UITests";
				PRODUCT_NAME = "$(TARGET_NAME)";
				SWIFT_EMIT_LOC_STRINGS = NO;
				SWIFT_VERSION = 5.0;
				TARGETED_DEVICE_FAMILY = "1,2";
				TEST_HOST = "$(BUILT_PRODUCTS_DIR)/Registration-Screen-UI.app/$(BUNDLE_EXECUTABLE_FOLDER_PATH)/Registration-Screen-UI";
			};
			name = Debug;
		};
		74C4568829C1B552005CF3EC /* Release */ = {
			isa = XCBuildConfiguration;
			buildSettings = {
				ALWAYS_EMBED_SWIFT_STANDARD_LIBRARIES = YES;
				BUNDLE_LOADER = "$(TEST_HOST)";
				CODE_SIGN_STYLE = Automatic;
				CURRENT_PROJECT_VERSION = 1;
				GENERATE_INFOPLIST_FILE = YES;
				IPHONEOS_DEPLOYMENT_TARGET = 16.2;
				MARKETING_VERSION = 1.0;
				PRODUCT_BUNDLE_IDENTIFIER = "iamkubic.Registration-Screen-UITests";
				PRODUCT_NAME = "$(TARGET_NAME)";
				SWIFT_EMIT_LOC_STRINGS = NO;
				SWIFT_VERSION = 5.0;
				TARGETED_DEVICE_FAMILY = "1,2";
				TEST_HOST = "$(BUILT_PRODUCTS_DIR)/Registration-Screen-UI.app/$(BUNDLE_EXECUTABLE_FOLDER_PATH)/Registration-Screen-UI";
			};
			name = Release;
		};
		74C4568A29C1B552005CF3EC /* Debug */ = {
			isa = XCBuildConfiguration;
			buildSettings = {
				ALWAYS_EMBED_SWIFT_STANDARD_LIBRARIES = YES;
				CODE_SIGN_STYLE = Automatic;
				CURRENT_PROJECT_VERSION = 1;
				GENERATE_INFOPLIST_FILE = YES;
				MARKETING_VERSION = 1.0;
				PRODUCT_BUNDLE_IDENTIFIER = "iamkubic.Registration-Screen-UIUITests";
				PRODUCT_NAME = "$(TARGET_NAME)";
				SWIFT_EMIT_LOC_STRINGS = NO;
				SWIFT_VERSION = 5.0;
				TARGETED_DEVICE_FAMILY = "1,2";
				TEST_TARGET_NAME = "Registration-Screen-UI";
			};
			name = Debug;
		};
		74C4568B29C1B552005CF3EC /* Release */ = {
			isa = XCBuildConfiguration;
			buildSettings = {
				ALWAYS_EMBED_SWIFT_STANDARD_LIBRARIES = YES;
				CODE_SIGN_STYLE = Automatic;
				CURRENT_PROJECT_VERSION = 1;
				GENERATE_INFOPLIST_FILE = YES;
				MARKETING_VERSION = 1.0;
				PRODUCT_BUNDLE_IDENTIFIER = "iamkubic.Registration-Screen-UIUITests";
				PRODUCT_NAME = "$(TARGET_NAME)";
				SWIFT_EMIT_LOC_STRINGS = NO;
				SWIFT_VERSION = 5.0;
				TARGETED_DEVICE_FAMILY = "1,2";
				TEST_TARGET_NAME = "Registration-Screen-UI";
			};
			name = Release;
		};
/* End XCBuildConfiguration section */

/* Begin XCConfigurationList section */
		74C4565429C1B551005CF3EC /* Build configuration list for PBXProject "Registration-Screen-UI" */ = {
			isa = XCConfigurationList;
			buildConfigurations = (
				74C4568129C1B552005CF3EC /* Debug */,
				74C4568229C1B552005CF3EC /* Release */,
			);
			defaultConfigurationIsVisible = 0;
			defaultConfigurationName = Release;
		};
		74C4568329C1B552005CF3EC /* Build configuration list for PBXNativeTarget "Registration-Screen-UI" */ = {
			isa = XCConfigurationList;
			buildConfigurations = (
				74C4568429C1B552005CF3EC /* Debug */,
				74C4568529C1B552005CF3EC /* Release */,
			);
			defaultConfigurationIsVisible = 0;
			defaultConfigurationName = Release;
		};
		74C4568629C1B552005CF3EC /* Build configuration list for PBXNativeTarget "Registration-Screen-UITests" */ = {
			isa = XCConfigurationList;
			buildConfigurations = (
				74C4568729C1B552005CF3EC /* Debug */,
				74C4568829C1B552005CF3EC /* Release */,
			);
			defaultConfigurationIsVisible = 0;
			defaultConfigurationName = Release;
		};
		74C4568929C1B552005CF3EC /* Build configuration list for PBXNativeTarget "Registration-Screen-UIUITests" */ = {
			isa = XCConfigurationList;
			buildConfigurations = (
				74C4568A29C1B552005CF3EC /* Debug */,
				74C4568B29C1B552005CF3EC /* Release */,
			);
			defaultConfigurationIsVisible = 0;
			defaultConfigurationName = Release;
		};
/* End XCConfigurationList section */
	};
	rootObject = 74C4565129C1B551005CF3EC /* Project object */;
}
